// !$*UTF8*$!
{
	archiveVersion = 1;
	classes = {
	};
	objectVersion = 48;
	objects = {

/* Begin PBXBuildFile section */
		3B2EBDFB20DA2AD800AF5C27 /* ClipView.m in Sources */ = {isa = PBXBuildFile; fileRef = 3B2EBDFA20DA2AD800AF5C27 /* ClipView.m */; };
		3B51CB4520D8B31100A2C9FD /* AppDelegate.m in Sources */ = {isa = PBXBuildFile; fileRef = 3B51CB4420D8B31100A2C9FD /* AppDelegate.m */; };
		3B51CB4720D8B31100A2C9FD /* Assets.xcassets in Resources */ = {isa = PBXBuildFile; fileRef = 3B51CB4620D8B31100A2C9FD /* Assets.xcassets */; };
		3B51CB4D20D8B31200A2C9FD /* main.m in Sources */ = {isa = PBXBuildFile; fileRef = 3B51CB4C20D8B31200A2C9FD /* main.m */; };
		3BCFD96420D8C71C00432C2C /* HomeViewController.m in Sources */ = {isa = PBXBuildFile; fileRef = 3BCFD96320D8C71C00432C2C /* HomeViewController.m */; };
		3BD211DD20D9F10C005151C7 /* UIImage+WebP.m in Sources */ = {isa = PBXBuildFile; fileRef = 3BD211A020D9F10C005151C7 /* UIImage+WebP.m */; };
		3BD211DE20D9F10C005151C7 /* MKAnnotationView+WebCache.m in Sources */ = {isa = PBXBuildFile; fileRef = 3BD211A120D9F10C005151C7 /* MKAnnotationView+WebCache.m */; };
		3BD211DF20D9F10C005151C7 /* SDWebImageManager.m in Sources */ = {isa = PBXBuildFile; fileRef = 3BD211A820D9F10C005151C7 /* SDWebImageManager.m */; };
		3BD211E020D9F10C005151C7 /* UIImageView+HighlightedWebCache.m in Sources */ = {isa = PBXBuildFile; fileRef = 3BD211AA20D9F10C005151C7 /* UIImageView+HighlightedWebCache.m */; };
		3BD211E120D9F10C005151C7 /* SDWebImageFrame.m in Sources */ = {isa = PBXBuildFile; fileRef = 3BD211AB20D9F10C005151C7 /* SDWebImageFrame.m */; };
		3BD211E220D9F10C005151C7 /* UIImage+ForceDecode.m in Sources */ = {isa = PBXBuildFile; fileRef = 3BD211AD20D9F10C005151C7 /* UIImage+ForceDecode.m */; };
		3BD211E320D9F10C005151C7 /* SDWebImageCodersManager.m in Sources */ = {isa = PBXBuildFile; fileRef = 3BD211AF20D9F10C005151C7 /* SDWebImageCodersManager.m */; };
		3BD211E420D9F10C005151C7 /* FLAnimatedImageView+WebCache.m in Sources */ = {isa = PBXBuildFile; fileRef = 3BD211B120D9F10C005151C7 /* FLAnimatedImageView+WebCache.m */; };
		3BD211E520D9F10C005151C7 /* SDWebImageDownloader.m in Sources */ = {isa = PBXBuildFile; fileRef = 3BD211B320D9F10C005151C7 /* SDWebImageDownloader.m */; };
		3BD211E620D9F10C005151C7 /* UIImage+GIF.m in Sources */ = {isa = PBXBuildFile; fileRef = 3BD211B620D9F10C005151C7 /* UIImage+GIF.m */; };
		3BD211E720D9F10C005151C7 /* UIImage+MultiFormat.m in Sources */ = {isa = PBXBuildFile; fileRef = 3BD211B820D9F10C005151C7 /* UIImage+MultiFormat.m */; };
		3BD211E820D9F10C005151C7 /* SDWebImageCoderHelper.m in Sources */ = {isa = PBXBuildFile; fileRef = 3BD211B920D9F10C005151C7 /* SDWebImageCoderHelper.m */; };
		3BD211E920D9F10C005151C7 /* SDWebImageCompat.m in Sources */ = {isa = PBXBuildFile; fileRef = 3BD211BA20D9F10C005151C7 /* SDWebImageCompat.m */; };
		3BD211EA20D9F10C005151C7 /* SDWebImagePrefetcher.m in Sources */ = {isa = PBXBuildFile; fileRef = 3BD211BC20D9F10C005151C7 /* SDWebImagePrefetcher.m */; };
		3BD211EB20D9F10C005151C7 /* SDWebImageCoder.m in Sources */ = {isa = PBXBuildFile; fileRef = 3BD211BF20D9F10C005151C7 /* SDWebImageCoder.m */; };
		3BD211EC20D9F10C005151C7 /* NSButton+WebCache.m in Sources */ = {isa = PBXBuildFile; fileRef = 3BD211C020D9F10C005151C7 /* NSButton+WebCache.m */; };
		3BD211ED20D9F10C005151C7 /* SDAnimatedImageRep.m in Sources */ = {isa = PBXBuildFile; fileRef = 3BD211C320D9F10C005151C7 /* SDAnimatedImageRep.m */; };
		3BD211EE20D9F10C005151C7 /* SDImageCache.m in Sources */ = {isa = PBXBuildFile; fileRef = 3BD211C420D9F10C005151C7 /* SDImageCache.m */; };
		3BD211EF20D9F10C005151C7 /* SDWebImageDownloaderOperation.m in Sources */ = {isa = PBXBuildFile; fileRef = 3BD211C720D9F10C005151C7 /* SDWebImageDownloaderOperation.m */; };
		3BD211F020D9F10C005151C7 /* SDWebImageTransition.m in Sources */ = {isa = PBXBuildFile; fileRef = 3BD211C820D9F10C005151C7 /* SDWebImageTransition.m */; };
		3BD211F120D9F10C005151C7 /* NSData+ImageContentType.m in Sources */ = {isa = PBXBuildFile; fileRef = 3BD211CA20D9F10C005151C7 /* NSData+ImageContentType.m */; };
		3BD211F220D9F10C005151C7 /* UIImageView+WebCache.m in Sources */ = {isa = PBXBuildFile; fileRef = 3BD211CB20D9F10C005151C7 /* UIImageView+WebCache.m */; };
		3BD211F320D9F10C005151C7 /* NSImage+WebCache.m in Sources */ = {isa = PBXBuildFile; fileRef = 3BD211CD20D9F10C005151C7 /* NSImage+WebCache.m */; };
		3BD211F420D9F10C005151C7 /* SDWebImageGIFCoder.m in Sources */ = {isa = PBXBuildFile; fileRef = 3BD211CE20D9F10C005151C7 /* SDWebImageGIFCoder.m */; };
		3BD211F520D9F10C005151C7 /* SDImageCacheConfig.m in Sources */ = {isa = PBXBuildFile; fileRef = 3BD211D020D9F10C005151C7 /* SDImageCacheConfig.m */; };
		3BD211F620D9F10C005151C7 /* UIView+WebCacheOperation.m in Sources */ = {isa = PBXBuildFile; fileRef = 3BD211D320D9F10C005151C7 /* UIView+WebCacheOperation.m */; };
		3BD211F720D9F10C005151C7 /* UIView+WebCache.m in Sources */ = {isa = PBXBuildFile; fileRef = 3BD211D420D9F10C005151C7 /* UIView+WebCache.m */; };
		3BD211F820D9F10C005151C7 /* SDWebImageImageIOCoder.m in Sources */ = {isa = PBXBuildFile; fileRef = 3BD211D620D9F10C005151C7 /* SDWebImageImageIOCoder.m */; };
		3BD211F920D9F10C005151C7 /* UIButton+WebCache.m in Sources */ = {isa = PBXBuildFile; fileRef = 3BD211DA20D9F10C005151C7 /* UIButton+WebCache.m */; };
		3BD211FA20D9F10C005151C7 /* SDWebImageWebPCoder.m in Sources */ = {isa = PBXBuildFile; fileRef = 3BD211DB20D9F10C005151C7 /* SDWebImageWebPCoder.m */; };
		553E168D20D96FD800814FE0 /* ImageCollectionViewItem.m in Sources */ = {isa = PBXBuildFile; fileRef = 553E168B20D96FD800814FE0 /* ImageCollectionViewItem.m */; };
		559D65CB20D93F5B0087E8C7 /* AFURLResponseSerialization.m in Sources */ = {isa = PBXBuildFile; fileRef = 559D65C220D93F5B0087E8C7 /* AFURLResponseSerialization.m */; };
		559D65CC20D93F5B0087E8C7 /* AFHTTPSessionManager.m in Sources */ = {isa = PBXBuildFile; fileRef = 559D65C320D93F5B0087E8C7 /* AFHTTPSessionManager.m */; };
		559D65CD20D93F5B0087E8C7 /* AFURLSessionManager.m in Sources */ = {isa = PBXBuildFile; fileRef = 559D65C520D93F5B0087E8C7 /* AFURLSessionManager.m */; };
		559D65CE20D93F5B0087E8C7 /* AFURLRequestSerialization.m in Sources */ = {isa = PBXBuildFile; fileRef = 559D65C620D93F5B0087E8C7 /* AFURLRequestSerialization.m */; };
		559D65CF20D93F5B0087E8C7 /* AFNetworkReachabilityManager.m in Sources */ = {isa = PBXBuildFile; fileRef = 559D65C820D93F5B0087E8C7 /* AFNetworkReachabilityManager.m */; };
		559D65D020D93F5B0087E8C7 /* AFSecurityPolicy.m in Sources */ = {isa = PBXBuildFile; fileRef = 559D65C920D93F5B0087E8C7 /* AFSecurityPolicy.m */; };
		559D65D320D93FC90087E8C7 /* HttpTool.m in Sources */ = {isa = PBXBuildFile; fileRef = 559D65D220D93FC90087E8C7 /* HttpTool.m */; };
		55E0656520D93B10005E578B /* NSColor+extension.m in Sources */ = {isa = PBXBuildFile; fileRef = 55E0656420D93B10005E578B /* NSColor+extension.m */; };
/* End PBXBuildFile section */

/* Begin PBXFileReference section */
		3B2EBDF920DA2AD800AF5C27 /* ClipView.h */ = {isa = PBXFileReference; lastKnownFileType = sourcecode.c.h; path = ClipView.h; sourceTree = "<group>"; };
		3B2EBDFA20DA2AD800AF5C27 /* ClipView.m */ = {isa = PBXFileReference; lastKnownFileType = sourcecode.c.objc; path = ClipView.m; sourceTree = "<group>"; };
		3B51CB4020D8B31100A2C9FD /* loveWallpaper.app */ = {isa = PBXFileReference; explicitFileType = wrapper.application; includeInIndex = 0; path = loveWallpaper.app; sourceTree = BUILT_PRODUCTS_DIR; };
		3B51CB4320D8B31100A2C9FD /* AppDelegate.h */ = {isa = PBXFileReference; lastKnownFileType = sourcecode.c.h; path = AppDelegate.h; sourceTree = "<group>"; };
		3B51CB4420D8B31100A2C9FD /* AppDelegate.m */ = {isa = PBXFileReference; lastKnownFileType = sourcecode.c.objc; path = AppDelegate.m; sourceTree = "<group>"; };
		3B51CB4620D8B31100A2C9FD /* Assets.xcassets */ = {isa = PBXFileReference; lastKnownFileType = folder.assetcatalog; path = Assets.xcassets; sourceTree = "<group>"; };
		3B51CB4B20D8B31200A2C9FD /* Info.plist */ = {isa = PBXFileReference; lastKnownFileType = text.plist.xml; path = Info.plist; sourceTree = "<group>"; };
		3B51CB4C20D8B31200A2C9FD /* main.m */ = {isa = PBXFileReference; lastKnownFileType = sourcecode.c.objc; path = main.m; sourceTree = "<group>"; };
		3B51CB4E20D8B31200A2C9FD /* loveWallpaper.entitlements */ = {isa = PBXFileReference; lastKnownFileType = text.plist.entitlements; path = loveWallpaper.entitlements; sourceTree = "<group>"; };
		3BCFD96220D8C71C00432C2C /* HomeViewController.h */ = {isa = PBXFileReference; lastKnownFileType = sourcecode.c.h; path = HomeViewController.h; sourceTree = "<group>"; };
		3BCFD96320D8C71C00432C2C /* HomeViewController.m */ = {isa = PBXFileReference; lastKnownFileType = sourcecode.c.objc; path = HomeViewController.m; sourceTree = "<group>"; };
		3BD2119F20D9F10C005151C7 /* SDAnimatedImageRep.h */ = {isa = PBXFileReference; fileEncoding = 4; lastKnownFileType = sourcecode.c.h; path = SDAnimatedImageRep.h; sourceTree = "<group>"; };
		3BD211A020D9F10C005151C7 /* UIImage+WebP.m */ = {isa = PBXFileReference; fileEncoding = 4; lastKnownFileType = sourcecode.c.objc; path = "UIImage+WebP.m"; sourceTree = "<group>"; };
		3BD211A120D9F10C005151C7 /* MKAnnotationView+WebCache.m */ = {isa = PBXFileReference; fileEncoding = 4; lastKnownFileType = sourcecode.c.objc; path = "MKAnnotationView+WebCache.m"; sourceTree = "<group>"; };
		3BD211A220D9F10C005151C7 /* NSButton+WebCache.h */ = {isa = PBXFileReference; fileEncoding = 4; lastKnownFileType = sourcecode.c.h; path = "NSButton+WebCache.h"; sourceTree = "<group>"; };
		3BD211A320D9F10C005151C7 /* SDWebImageCoder.h */ = {isa = PBXFileReference; fileEncoding = 4; lastKnownFileType = sourcecode.c.h; path = SDWebImageCoder.h; sourceTree = "<group>"; };
		3BD211A420D9F10C005151C7 /* NSImage+WebCache.h */ = {isa = PBXFileReference; fileEncoding = 4; lastKnownFileType = sourcecode.c.h; path = "NSImage+WebCache.h"; sourceTree = "<group>"; };
		3BD211A520D9F10C005151C7 /* UIImageView+WebCache.h */ = {isa = PBXFileReference; fileEncoding = 4; lastKnownFileType = sourcecode.c.h; path = "UIImageView+WebCache.h"; sourceTree = "<group>"; };
		3BD211A620D9F10C005151C7 /* NSData+ImageContentType.h */ = {isa = PBXFileReference; fileEncoding = 4; lastKnownFileType = sourcecode.c.h; path = "NSData+ImageContentType.h"; sourceTree = "<group>"; };
		3BD211A720D9F10C005151C7 /* SDWebImageTransition.h */ = {isa = PBXFileReference; fileEncoding = 4; lastKnownFileType = sourcecode.c.h; path = SDWebImageTransition.h; sourceTree = "<group>"; };
		3BD211A820D9F10C005151C7 /* SDWebImageManager.m */ = {isa = PBXFileReference; fileEncoding = 4; lastKnownFileType = sourcecode.c.objc; path = SDWebImageManager.m; sourceTree = "<group>"; };
		3BD211A920D9F10C005151C7 /* SDWebImageDownloaderOperation.h */ = {isa = PBXFileReference; fileEncoding = 4; lastKnownFileType = sourcecode.c.h; path = SDWebImageDownloaderOperation.h; sourceTree = "<group>"; };
		3BD211AA20D9F10C005151C7 /* UIImageView+HighlightedWebCache.m */ = {isa = PBXFileReference; fileEncoding = 4; lastKnownFileType = sourcecode.c.objc; path = "UIImageView+HighlightedWebCache.m"; sourceTree = "<group>"; };
		3BD211AB20D9F10C005151C7 /* SDWebImageFrame.m */ = {isa = PBXFileReference; fileEncoding = 4; lastKnownFileType = sourcecode.c.objc; path = SDWebImageFrame.m; sourceTree = "<group>"; };
		3BD211AC20D9F10C005151C7 /* SDImageCache.h */ = {isa = PBXFileReference; fileEncoding = 4; lastKnownFileType = sourcecode.c.h; path = SDImageCache.h; sourceTree = "<group>"; };
		3BD211AD20D9F10C005151C7 /* UIImage+ForceDecode.m */ = {isa = PBXFileReference; fileEncoding = 4; lastKnownFileType = sourcecode.c.objc; path = "UIImage+ForceDecode.m"; sourceTree = "<group>"; };
		3BD211AE20D9F10C005151C7 /* SDImageCacheConfig.h */ = {isa = PBXFileReference; fileEncoding = 4; lastKnownFileType = sourcecode.c.h; path = SDImageCacheConfig.h; sourceTree = "<group>"; };
		3BD211AF20D9F10C005151C7 /* SDWebImageCodersManager.m */ = {isa = PBXFileReference; fileEncoding = 4; lastKnownFileType = sourcecode.c.objc; path = SDWebImageCodersManager.m; sourceTree = "<group>"; };
		3BD211B120D9F10C005151C7 /* FLAnimatedImageView+WebCache.m */ = {isa = PBXFileReference; fileEncoding = 4; lastKnownFileType = sourcecode.c.objc; path = "FLAnimatedImageView+WebCache.m"; sourceTree = "<group>"; };
		3BD211B220D9F10C005151C7 /* FLAnimatedImageView+WebCache.h */ = {isa = PBXFileReference; fileEncoding = 4; lastKnownFileType = sourcecode.c.h; path = "FLAnimatedImageView+WebCache.h"; sourceTree = "<group>"; };
		3BD211B320D9F10C005151C7 /* SDWebImageDownloader.m */ = {isa = PBXFileReference; fileEncoding = 4; lastKnownFileType = sourcecode.c.objc; path = SDWebImageDownloader.m; sourceTree = "<group>"; };
		3BD211B420D9F10C005151C7 /* SDWebImageGIFCoder.h */ = {isa = PBXFileReference; fileEncoding = 4; lastKnownFileType = sourcecode.c.h; path = SDWebImageGIFCoder.h; sourceTree = "<group>"; };
		3BD211B520D9F10C005151C7 /* SDWebImageWebPCoder.h */ = {isa = PBXFileReference; fileEncoding = 4; lastKnownFileType = sourcecode.c.h; path = SDWebImageWebPCoder.h; sourceTree = "<group>"; };
		3BD211B620D9F10C005151C7 /* UIImage+GIF.m */ = {isa = PBXFileReference; fileEncoding = 4; lastKnownFileType = sourcecode.c.objc; path = "UIImage+GIF.m"; sourceTree = "<group>"; };
		3BD211B720D9F10C005151C7 /* UIButton+WebCache.h */ = {isa = PBXFileReference; fileEncoding = 4; lastKnownFileType = sourcecode.c.h; path = "UIButton+WebCache.h"; sourceTree = "<group>"; };
		3BD211B820D9F10C005151C7 /* UIImage+MultiFormat.m */ = {isa = PBXFileReference; fileEncoding = 4; lastKnownFileType = sourcecode.c.objc; path = "UIImage+MultiFormat.m"; sourceTree = "<group>"; };
		3BD211B920D9F10C005151C7 /* SDWebImageCoderHelper.m */ = {isa = PBXFileReference; fileEncoding = 4; lastKnownFileType = sourcecode.c.objc; path = SDWebImageCoderHelper.m; sourceTree = "<group>"; };
		3BD211BA20D9F10C005151C7 /* SDWebImageCompat.m */ = {isa = PBXFileReference; fileEncoding = 4; lastKnownFileType = sourcecode.c.objc; path = SDWebImageCompat.m; sourceTree = "<group>"; };
		3BD211BB20D9F10C005151C7 /* SDWebImageImageIOCoder.h */ = {isa = PBXFileReference; fileEncoding = 4; lastKnownFileType = sourcecode.c.h; path = SDWebImageImageIOCoder.h; sourceTree = "<group>"; };
		3BD211BC20D9F10C005151C7 /* SDWebImagePrefetcher.m */ = {isa = PBXFileReference; fileEncoding = 4; lastKnownFileType = sourcecode.c.objc; path = SDWebImagePrefetcher.m; sourceTree = "<group>"; };
		3BD211BD20D9F10C005151C7 /* UIView+WebCache.h */ = {isa = PBXFileReference; fileEncoding = 4; lastKnownFileType = sourcecode.c.h; path = "UIView+WebCache.h"; sourceTree = "<group>"; };
		3BD211BE20D9F10C005151C7 /* UIView+WebCacheOperation.h */ = {isa = PBXFileReference; fileEncoding = 4; lastKnownFileType = sourcecode.c.h; path = "UIView+WebCacheOperation.h"; sourceTree = "<group>"; };
		3BD211BF20D9F10C005151C7 /* SDWebImageCoder.m */ = {isa = PBXFileReference; fileEncoding = 4; lastKnownFileType = sourcecode.c.objc; path = SDWebImageCoder.m; sourceTree = "<group>"; };
		3BD211C020D9F10C005151C7 /* NSButton+WebCache.m */ = {isa = PBXFileReference; fileEncoding = 4; lastKnownFileType = sourcecode.c.objc; path = "NSButton+WebCache.m"; sourceTree = "<group>"; };
		3BD211C120D9F10C005151C7 /* MKAnnotationView+WebCache.h */ = {isa = PBXFileReference; fileEncoding = 4; lastKnownFileType = sourcecode.c.h; path = "MKAnnotationView+WebCache.h"; sourceTree = "<group>"; };
		3BD211C220D9F10C005151C7 /* UIImage+WebP.h */ = {isa = PBXFileReference; fileEncoding = 4; lastKnownFileType = sourcecode.c.h; path = "UIImage+WebP.h"; sourceTree = "<group>"; };
		3BD211C320D9F10C005151C7 /* SDAnimatedImageRep.m */ = {isa = PBXFileReference; fileEncoding = 4; lastKnownFileType = sourcecode.c.objc; path = SDAnimatedImageRep.m; sourceTree = "<group>"; };
		3BD211C420D9F10C005151C7 /* SDImageCache.m */ = {isa = PBXFileReference; fileEncoding = 4; lastKnownFileType = sourcecode.c.objc; path = SDImageCache.m; sourceTree = "<group>"; };
		3BD211C520D9F10C005151C7 /* SDWebImageFrame.h */ = {isa = PBXFileReference; fileEncoding = 4; lastKnownFileType = sourcecode.c.h; path = SDWebImageFrame.h; sourceTree = "<group>"; };
		3BD211C620D9F10C005151C7 /* UIImageView+HighlightedWebCache.h */ = {isa = PBXFileReference; fileEncoding = 4; lastKnownFileType = sourcecode.c.h; path = "UIImageView+HighlightedWebCache.h"; sourceTree = "<group>"; };
		3BD211C720D9F10C005151C7 /* SDWebImageDownloaderOperation.m */ = {isa = PBXFileReference; fileEncoding = 4; lastKnownFileType = sourcecode.c.objc; path = SDWebImageDownloaderOperation.m; sourceTree = "<group>"; };
		3BD211C820D9F10C005151C7 /* SDWebImageTransition.m */ = {isa = PBXFileReference; fileEncoding = 4; lastKnownFileType = sourcecode.c.objc; path = SDWebImageTransition.m; sourceTree = "<group>"; };
		3BD211C920D9F10C005151C7 /* SDWebImageManager.h */ = {isa = PBXFileReference; fileEncoding = 4; lastKnownFileType = sourcecode.c.h; path = SDWebImageManager.h; sourceTree = "<group>"; };
		3BD211CA20D9F10C005151C7 /* NSData+ImageContentType.m */ = {isa = PBXFileReference; fileEncoding = 4; lastKnownFileType = sourcecode.c.objc; path = "NSData+ImageContentType.m"; sourceTree = "<group>"; };
		3BD211CB20D9F10C005151C7 /* UIImageView+WebCache.m */ = {isa = PBXFileReference; fileEncoding = 4; lastKnownFileType = sourcecode.c.objc; path = "UIImageView+WebCache.m"; sourceTree = "<group>"; };
		3BD211CC20D9F10C005151C7 /* SDWebImageOperation.h */ = {isa = PBXFileReference; fileEncoding = 4; lastKnownFileType = sourcecode.c.h; path = SDWebImageOperation.h; sourceTree = "<group>"; };
		3BD211CD20D9F10C005151C7 /* NSImage+WebCache.m */ = {isa = PBXFileReference; fileEncoding = 4; lastKnownFileType = sourcecode.c.objc; path = "NSImage+WebCache.m"; sourceTree = "<group>"; };
		3BD211CE20D9F10C005151C7 /* SDWebImageGIFCoder.m */ = {isa = PBXFileReference; fileEncoding = 4; lastKnownFileType = sourcecode.c.objc; path = SDWebImageGIFCoder.m; sourceTree = "<group>"; };
		3BD211CF20D9F10C005151C7 /* SDWebImageDownloader.h */ = {isa = PBXFileReference; fileEncoding = 4; lastKnownFileType = sourcecode.c.h; path = SDWebImageDownloader.h; sourceTree = "<group>"; };
		3BD211D020D9F10C005151C7 /* SDImageCacheConfig.m */ = {isa = PBXFileReference; fileEncoding = 4; lastKnownFileType = sourcecode.c.objc; path = SDImageCacheConfig.m; sourceTree = "<group>"; };
		3BD211D120D9F10C005151C7 /* SDWebImageCodersManager.h */ = {isa = PBXFileReference; fileEncoding = 4; lastKnownFileType = sourcecode.c.h; path = SDWebImageCodersManager.h; sourceTree = "<group>"; };
		3BD211D220D9F10C005151C7 /* UIImage+ForceDecode.h */ = {isa = PBXFileReference; fileEncoding = 4; lastKnownFileType = sourcecode.c.h; path = "UIImage+ForceDecode.h"; sourceTree = "<group>"; };
		3BD211D320D9F10C005151C7 /* UIView+WebCacheOperation.m */ = {isa = PBXFileReference; fileEncoding = 4; lastKnownFileType = sourcecode.c.objc; path = "UIView+WebCacheOperation.m"; sourceTree = "<group>"; };
		3BD211D420D9F10C005151C7 /* UIView+WebCache.m */ = {isa = PBXFileReference; fileEncoding = 4; lastKnownFileType = sourcecode.c.objc; path = "UIView+WebCache.m"; sourceTree = "<group>"; };
		3BD211D520D9F10C005151C7 /* SDWebImagePrefetcher.h */ = {isa = PBXFileReference; fileEncoding = 4; lastKnownFileType = sourcecode.c.h; path = SDWebImagePrefetcher.h; sourceTree = "<group>"; };
		3BD211D620D9F10C005151C7 /* SDWebImageImageIOCoder.m */ = {isa = PBXFileReference; fileEncoding = 4; lastKnownFileType = sourcecode.c.objc; path = SDWebImageImageIOCoder.m; sourceTree = "<group>"; };
		3BD211D720D9F10C005151C7 /* SDWebImageCompat.h */ = {isa = PBXFileReference; fileEncoding = 4; lastKnownFileType = sourcecode.c.h; path = SDWebImageCompat.h; sourceTree = "<group>"; };
		3BD211D820D9F10C005151C7 /* SDWebImageCoderHelper.h */ = {isa = PBXFileReference; fileEncoding = 4; lastKnownFileType = sourcecode.c.h; path = SDWebImageCoderHelper.h; sourceTree = "<group>"; };
		3BD211D920D9F10C005151C7 /* UIImage+MultiFormat.h */ = {isa = PBXFileReference; fileEncoding = 4; lastKnownFileType = sourcecode.c.h; path = "UIImage+MultiFormat.h"; sourceTree = "<group>"; };
		3BD211DA20D9F10C005151C7 /* UIButton+WebCache.m */ = {isa = PBXFileReference; fileEncoding = 4; lastKnownFileType = sourcecode.c.objc; path = "UIButton+WebCache.m"; sourceTree = "<group>"; };
		3BD211DB20D9F10C005151C7 /* SDWebImageWebPCoder.m */ = {isa = PBXFileReference; fileEncoding = 4; lastKnownFileType = sourcecode.c.objc; path = SDWebImageWebPCoder.m; sourceTree = "<group>"; };
		3BD211DC20D9F10C005151C7 /* UIImage+GIF.h */ = {isa = PBXFileReference; fileEncoding = 4; lastKnownFileType = sourcecode.c.h; path = "UIImage+GIF.h"; sourceTree = "<group>"; };
		553E168A20D96FD800814FE0 /* ImageCollectionViewItem.h */ = {isa = PBXFileReference; lastKnownFileType = sourcecode.c.h; path = ImageCollectionViewItem.h; sourceTree = "<group>"; };
		553E168B20D96FD800814FE0 /* ImageCollectionViewItem.m */ = {isa = PBXFileReference; lastKnownFileType = sourcecode.c.objc; path = ImageCollectionViewItem.m; sourceTree = "<group>"; };
		559D65BE20D93F5B0087E8C7 /* AFSecurityPolicy.h */ = {isa = PBXFileReference; fileEncoding = 4; lastKnownFileType = sourcecode.c.h; path = AFSecurityPolicy.h; sourceTree = "<group>"; };
		559D65BF20D93F5B0087E8C7 /* AFNetworkReachabilityManager.h */ = {isa = PBXFileReference; fileEncoding = 4; lastKnownFileType = sourcecode.c.h; path = AFNetworkReachabilityManager.h; sourceTree = "<group>"; };
		559D65C020D93F5B0087E8C7 /* AFURLSessionManager.h */ = {isa = PBXFileReference; fileEncoding = 4; lastKnownFileType = sourcecode.c.h; path = AFURLSessionManager.h; sourceTree = "<group>"; };
		559D65C120D93F5B0087E8C7 /* AFURLRequestSerialization.h */ = {isa = PBXFileReference; fileEncoding = 4; lastKnownFileType = sourcecode.c.h; path = AFURLRequestSerialization.h; sourceTree = "<group>"; };
		559D65C220D93F5B0087E8C7 /* AFURLResponseSerialization.m */ = {isa = PBXFileReference; fileEncoding = 4; lastKnownFileType = sourcecode.c.objc; path = AFURLResponseSerialization.m; sourceTree = "<group>"; };
		559D65C320D93F5B0087E8C7 /* AFHTTPSessionManager.m */ = {isa = PBXFileReference; fileEncoding = 4; lastKnownFileType = sourcecode.c.objc; path = AFHTTPSessionManager.m; sourceTree = "<group>"; };
		559D65C420D93F5B0087E8C7 /* AFURLResponseSerialization.h */ = {isa = PBXFileReference; fileEncoding = 4; lastKnownFileType = sourcecode.c.h; path = AFURLResponseSerialization.h; sourceTree = "<group>"; };
		559D65C520D93F5B0087E8C7 /* AFURLSessionManager.m */ = {isa = PBXFileReference; fileEncoding = 4; lastKnownFileType = sourcecode.c.objc; path = AFURLSessionManager.m; sourceTree = "<group>"; };
		559D65C620D93F5B0087E8C7 /* AFURLRequestSerialization.m */ = {isa = PBXFileReference; fileEncoding = 4; lastKnownFileType = sourcecode.c.objc; path = AFURLRequestSerialization.m; sourceTree = "<group>"; };
		559D65C720D93F5B0087E8C7 /* AFNetworking.h */ = {isa = PBXFileReference; fileEncoding = 4; lastKnownFileType = sourcecode.c.h; path = AFNetworking.h; sourceTree = "<group>"; };
		559D65C820D93F5B0087E8C7 /* AFNetworkReachabilityManager.m */ = {isa = PBXFileReference; fileEncoding = 4; lastKnownFileType = sourcecode.c.objc; path = AFNetworkReachabilityManager.m; sourceTree = "<group>"; };
		559D65C920D93F5B0087E8C7 /* AFSecurityPolicy.m */ = {isa = PBXFileReference; fileEncoding = 4; lastKnownFileType = sourcecode.c.objc; path = AFSecurityPolicy.m; sourceTree = "<group>"; };
		559D65CA20D93F5B0087E8C7 /* AFHTTPSessionManager.h */ = {isa = PBXFileReference; fileEncoding = 4; lastKnownFileType = sourcecode.c.h; path = AFHTTPSessionManager.h; sourceTree = "<group>"; };
		559D65D120D93FC90087E8C7 /* HttpTool.h */ = {isa = PBXFileReference; lastKnownFileType = sourcecode.c.h; path = HttpTool.h; sourceTree = "<group>"; };
		559D65D220D93FC90087E8C7 /* HttpTool.m */ = {isa = PBXFileReference; lastKnownFileType = sourcecode.c.objc; path = HttpTool.m; sourceTree = "<group>"; };
		55E0656320D93B10005E578B /* NSColor+extension.h */ = {isa = PBXFileReference; lastKnownFileType = sourcecode.c.h; path = "NSColor+extension.h"; sourceTree = "<group>"; };
		55E0656420D93B10005E578B /* NSColor+extension.m */ = {isa = PBXFileReference; lastKnownFileType = sourcecode.c.objc; path = "NSColor+extension.m"; sourceTree = "<group>"; };
/* End PBXFileReference section */

/* Begin PBXFrameworksBuildPhase section */
		3B51CB3D20D8B31100A2C9FD /* Frameworks */ = {
			isa = PBXFrameworksBuildPhase;
			buildActionMask = 2147483647;
			files = (
			);
			runOnlyForDeploymentPostprocessing = 0;
		};
/* End PBXFrameworksBuildPhase section */

/* Begin PBXGroup section */
		3B51CB3720D8B31100A2C9FD = {
			isa = PBXGroup;
			children = (
				3B51CB4220D8B31100A2C9FD /* loveWallpaper */,
				3B51CB4120D8B31100A2C9FD /* Products */,
			);
			sourceTree = "<group>";
		};
		3B51CB4120D8B31100A2C9FD /* Products */ = {
			isa = PBXGroup;
			children = (
				3B51CB4020D8B31100A2C9FD /* loveWallpaper.app */,
			);
			name = Products;
			sourceTree = "<group>";
		};
		3B51CB4220D8B31100A2C9FD /* loveWallpaper */ = {
			isa = PBXGroup;
			children = (
				3BD2119E20D9F10C005151C7 /* SDWebImage */,
				559D65BD20D93F5B0087E8C7 /* AFNetworking */,
				3B51CB4320D8B31100A2C9FD /* AppDelegate.h */,
				3B51CB4420D8B31100A2C9FD /* AppDelegate.m */,
				3B51CB4620D8B31100A2C9FD /* Assets.xcassets */,
				3B51CB4B20D8B31200A2C9FD /* Info.plist */,
				3B51CB4C20D8B31200A2C9FD /* main.m */,
				3B51CB4E20D8B31200A2C9FD /* loveWallpaper.entitlements */,
				3BCFD96220D8C71C00432C2C /* HomeViewController.h */,
				3BCFD96320D8C71C00432C2C /* HomeViewController.m */,
				55E0656320D93B10005E578B /* NSColor+extension.h */,
				55E0656420D93B10005E578B /* NSColor+extension.m */,
				559D65D120D93FC90087E8C7 /* HttpTool.h */,
				559D65D220D93FC90087E8C7 /* HttpTool.m */,
				553E168A20D96FD800814FE0 /* ImageCollectionViewItem.h */,
				553E168B20D96FD800814FE0 /* ImageCollectionViewItem.m */,
				3B2EBDF920DA2AD800AF5C27 /* ClipView.h */,
				3B2EBDFA20DA2AD800AF5C27 /* ClipView.m */,
			);
			path = loveWallpaper;
			sourceTree = "<group>";
		};
		3BD2119E20D9F10C005151C7 /* SDWebImage */ = {
			isa = PBXGroup;
			children = (
				3BD2119F20D9F10C005151C7 /* SDAnimatedImageRep.h */,
				3BD211A020D9F10C005151C7 /* UIImage+WebP.m */,
				3BD211A120D9F10C005151C7 /* MKAnnotationView+WebCache.m */,
				3BD211A220D9F10C005151C7 /* NSButton+WebCache.h */,
				3BD211A320D9F10C005151C7 /* SDWebImageCoder.h */,
				3BD211A420D9F10C005151C7 /* NSImage+WebCache.h */,
				3BD211A520D9F10C005151C7 /* UIImageView+WebCache.h */,
				3BD211A620D9F10C005151C7 /* NSData+ImageContentType.h */,
				3BD211A720D9F10C005151C7 /* SDWebImageTransition.h */,
				3BD211A820D9F10C005151C7 /* SDWebImageManager.m */,
				3BD211A920D9F10C005151C7 /* SDWebImageDownloaderOperation.h */,
				3BD211AA20D9F10C005151C7 /* UIImageView+HighlightedWebCache.m */,
				3BD211AB20D9F10C005151C7 /* SDWebImageFrame.m */,
				3BD211AC20D9F10C005151C7 /* SDImageCache.h */,
				3BD211AD20D9F10C005151C7 /* UIImage+ForceDecode.m */,
				3BD211AE20D9F10C005151C7 /* SDImageCacheConfig.h */,
				3BD211AF20D9F10C005151C7 /* SDWebImageCodersManager.m */,
				3BD211B020D9F10C005151C7 /* FLAnimatedImage */,
				3BD211B320D9F10C005151C7 /* SDWebImageDownloader.m */,
				3BD211B420D9F10C005151C7 /* SDWebImageGIFCoder.h */,
				3BD211B520D9F10C005151C7 /* SDWebImageWebPCoder.h */,
				3BD211B620D9F10C005151C7 /* UIImage+GIF.m */,
				3BD211B720D9F10C005151C7 /* UIButton+WebCache.h */,
				3BD211B820D9F10C005151C7 /* UIImage+MultiFormat.m */,
				3BD211B920D9F10C005151C7 /* SDWebImageCoderHelper.m */,
				3BD211BA20D9F10C005151C7 /* SDWebImageCompat.m */,
				3BD211BB20D9F10C005151C7 /* SDWebImageImageIOCoder.h */,
				3BD211BC20D9F10C005151C7 /* SDWebImagePrefetcher.m */,
				3BD211BD20D9F10C005151C7 /* UIView+WebCache.h */,
				3BD211BE20D9F10C005151C7 /* UIView+WebCacheOperation.h */,
				3BD211BF20D9F10C005151C7 /* SDWebImageCoder.m */,
				3BD211C020D9F10C005151C7 /* NSButton+WebCache.m */,
				3BD211C120D9F10C005151C7 /* MKAnnotationView+WebCache.h */,
				3BD211C220D9F10C005151C7 /* UIImage+WebP.h */,
				3BD211C320D9F10C005151C7 /* SDAnimatedImageRep.m */,
				3BD211C420D9F10C005151C7 /* SDImageCache.m */,
				3BD211C520D9F10C005151C7 /* SDWebImageFrame.h */,
				3BD211C620D9F10C005151C7 /* UIImageView+HighlightedWebCache.h */,
				3BD211C720D9F10C005151C7 /* SDWebImageDownloaderOperation.m */,
				3BD211C820D9F10C005151C7 /* SDWebImageTransition.m */,
				3BD211C920D9F10C005151C7 /* SDWebImageManager.h */,
				3BD211CA20D9F10C005151C7 /* NSData+ImageContentType.m */,
				3BD211CB20D9F10C005151C7 /* UIImageView+WebCache.m */,
				3BD211CC20D9F10C005151C7 /* SDWebImageOperation.h */,
				3BD211CD20D9F10C005151C7 /* NSImage+WebCache.m */,
				3BD211CE20D9F10C005151C7 /* SDWebImageGIFCoder.m */,
				3BD211CF20D9F10C005151C7 /* SDWebImageDownloader.h */,
				3BD211D020D9F10C005151C7 /* SDImageCacheConfig.m */,
				3BD211D120D9F10C005151C7 /* SDWebImageCodersManager.h */,
				3BD211D220D9F10C005151C7 /* UIImage+ForceDecode.h */,
				3BD211D320D9F10C005151C7 /* UIView+WebCacheOperation.m */,
				3BD211D420D9F10C005151C7 /* UIView+WebCache.m */,
				3BD211D520D9F10C005151C7 /* SDWebImagePrefetcher.h */,
				3BD211D620D9F10C005151C7 /* SDWebImageImageIOCoder.m */,
				3BD211D720D9F10C005151C7 /* SDWebImageCompat.h */,
				3BD211D820D9F10C005151C7 /* SDWebImageCoderHelper.h */,
				3BD211D920D9F10C005151C7 /* UIImage+MultiFormat.h */,
				3BD211DA20D9F10C005151C7 /* UIButton+WebCache.m */,
				3BD211DB20D9F10C005151C7 /* SDWebImageWebPCoder.m */,
				3BD211DC20D9F10C005151C7 /* UIImage+GIF.h */,
			);
			path = SDWebImage;
			sourceTree = "<group>";
		};
		3BD211B020D9F10C005151C7 /* FLAnimatedImage */ = {
			isa = PBXGroup;
			children = (
				3BD211B120D9F10C005151C7 /* FLAnimatedImageView+WebCache.m */,
				3BD211B220D9F10C005151C7 /* FLAnimatedImageView+WebCache.h */,
			);
			path = FLAnimatedImage;
			sourceTree = "<group>";
		};
		559D65BD20D93F5B0087E8C7 /* AFNetworking */ = {
			isa = PBXGroup;
			children = (
				559D65BE20D93F5B0087E8C7 /* AFSecurityPolicy.h */,
				559D65BF20D93F5B0087E8C7 /* AFNetworkReachabilityManager.h */,
				559D65C020D93F5B0087E8C7 /* AFURLSessionManager.h */,
				559D65C120D93F5B0087E8C7 /* AFURLRequestSerialization.h */,
				559D65C220D93F5B0087E8C7 /* AFURLResponseSerialization.m */,
				559D65C320D93F5B0087E8C7 /* AFHTTPSessionManager.m */,
				559D65C420D93F5B0087E8C7 /* AFURLResponseSerialization.h */,
				559D65C520D93F5B0087E8C7 /* AFURLSessionManager.m */,
				559D65C620D93F5B0087E8C7 /* AFURLRequestSerialization.m */,
				559D65C720D93F5B0087E8C7 /* AFNetworking.h */,
				559D65C820D93F5B0087E8C7 /* AFNetworkReachabilityManager.m */,
				559D65C920D93F5B0087E8C7 /* AFSecurityPolicy.m */,
				559D65CA20D93F5B0087E8C7 /* AFHTTPSessionManager.h */,
			);
			path = AFNetworking;
			sourceTree = "<group>";
		};
/* End PBXGroup section */

/* Begin PBXNativeTarget section */
		3B51CB3F20D8B31100A2C9FD /* loveWallpaper */ = {
			isa = PBXNativeTarget;
			buildConfigurationList = 3B51CB5120D8B31200A2C9FD /* Build configuration list for PBXNativeTarget "loveWallpaper" */;
			buildPhases = (
				3B51CB3C20D8B31100A2C9FD /* Sources */,
				3B51CB3D20D8B31100A2C9FD /* Frameworks */,
				3B51CB3E20D8B31100A2C9FD /* Resources */,
			);
			buildRules = (
			);
			dependencies = (
			);
			name = loveWallpaper;
			productName = loveWallpaper;
			productReference = 3B51CB4020D8B31100A2C9FD /* loveWallpaper.app */;
			productType = "com.apple.product-type.application";
		};
/* End PBXNativeTarget section */

/* Begin PBXProject section */
		3B51CB3820D8B31100A2C9FD /* Project object */ = {
			isa = PBXProject;
			attributes = {
				LastUpgradeCheck = 0910;
				ORGANIZATIONNAME = lovebizi;
				TargetAttributes = {
					3B51CB3F20D8B31100A2C9FD = {
						CreatedOnToolsVersion = 9.1;
						ProvisioningStyle = Automatic;
					};
				};
			};
			buildConfigurationList = 3B51CB3B20D8B31100A2C9FD /* Build configuration list for PBXProject "loveWallpaper" */;
			compatibilityVersion = "Xcode 8.0";
			developmentRegion = en;
			hasScannedForEncodings = 0;
			knownRegions = (
				en,
				Base,
			);
			mainGroup = 3B51CB3720D8B31100A2C9FD;
			productRefGroup = 3B51CB4120D8B31100A2C9FD /* Products */;
			projectDirPath = "";
			projectRoot = "";
			targets = (
				3B51CB3F20D8B31100A2C9FD /* loveWallpaper */,
			);
		};
/* End PBXProject section */

/* Begin PBXResourcesBuildPhase section */
		3B51CB3E20D8B31100A2C9FD /* Resources */ = {
			isa = PBXResourcesBuildPhase;
			buildActionMask = 2147483647;
			files = (
				3B51CB4720D8B31100A2C9FD /* Assets.xcassets in Resources */,
			);
			runOnlyForDeploymentPostprocessing = 0;
		};
/* End PBXResourcesBuildPhase section */

/* Begin PBXSourcesBuildPhase section */
		3B51CB3C20D8B31100A2C9FD /* Sources */ = {
			isa = PBXSourcesBuildPhase;
			buildActionMask = 2147483647;
			files = (
				3BD211E620D9F10C005151C7 /* UIImage+GIF.m in Sources */,
				3B51CB4D20D8B31200A2C9FD /* main.m in Sources */,
				3BD211E420D9F10C005151C7 /* FLAnimatedImageView+WebCache.m in Sources */,
				3BD211EA20D9F10C005151C7 /* SDWebImagePrefetcher.m in Sources */,
				3BD211F220D9F10C005151C7 /* UIImageView+WebCache.m in Sources */,
				3BD211EC20D9F10C005151C7 /* NSButton+WebCache.m in Sources */,
				3B2EBDFB20DA2AD800AF5C27 /* ClipView.m in Sources */,
				3BD211E220D9F10C005151C7 /* UIImage+ForceDecode.m in Sources */,
				3BD211DD20D9F10C005151C7 /* UIImage+WebP.m in Sources */,
				3BD211E020D9F10C005151C7 /* UIImageView+HighlightedWebCache.m in Sources */,
				553E168D20D96FD800814FE0 /* ImageCollectionViewItem.m in Sources */,
				3BD211E920D9F10C005151C7 /* SDWebImageCompat.m in Sources */,
				3BD211F120D9F10C005151C7 /* NSData+ImageContentType.m in Sources */,
				3BD211E820D9F10C005151C7 /* SDWebImageCoderHelper.m in Sources */,
				559D65CF20D93F5B0087E8C7 /* AFNetworkReachabilityManager.m in Sources */,
				3B51CB4520D8B31100A2C9FD /* AppDelegate.m in Sources */,
				3BD211FA20D9F10C005151C7 /* SDWebImageWebPCoder.m in Sources */,
				3BD211EB20D9F10C005151C7 /* SDWebImageCoder.m in Sources */,
				3BD211EF20D9F10C005151C7 /* SDWebImageDownloaderOperation.m in Sources */,
				55E0656520D93B10005E578B /* NSColor+extension.m in Sources */,
				3BD211E120D9F10C005151C7 /* SDWebImageFrame.m in Sources */,
				3BD211ED20D9F10C005151C7 /* SDAnimatedImageRep.m in Sources */,
				559D65CD20D93F5B0087E8C7 /* AFURLSessionManager.m in Sources */,
				3BD211E320D9F10C005151C7 /* SDWebImageCodersManager.m in Sources */,
				3BD211F020D9F10C005151C7 /* SDWebImageTransition.m in Sources */,
				3BD211EE20D9F10C005151C7 /* SDImageCache.m in Sources */,
				3BD211F620D9F10C005151C7 /* UIView+WebCacheOperation.m in Sources */,
				3BD211E720D9F10C005151C7 /* UIImage+MultiFormat.m in Sources */,
				559D65CC20D93F5B0087E8C7 /* AFHTTPSessionManager.m in Sources */,
				559D65D020D93F5B0087E8C7 /* AFSecurityPolicy.m in Sources */,
				3BCFD96420D8C71C00432C2C /* HomeViewController.m in Sources */,
				3BD211F720D9F10C005151C7 /* UIView+WebCache.m in Sources */,
				559D65D320D93FC90087E8C7 /* HttpTool.m in Sources */,
				3BD211F320D9F10C005151C7 /* NSImage+WebCache.m in Sources */,
				3BD211F920D9F10C005151C7 /* UIButton+WebCache.m in Sources */,
				3BD211F420D9F10C005151C7 /* SDWebImageGIFCoder.m in Sources */,
				3BD211DE20D9F10C005151C7 /* MKAnnotationView+WebCache.m in Sources */,
				3BD211F520D9F10C005151C7 /* SDImageCacheConfig.m in Sources */,
				3BD211F820D9F10C005151C7 /* SDWebImageImageIOCoder.m in Sources */,
				3BD211DF20D9F10C005151C7 /* SDWebImageManager.m in Sources */,
				559D65CB20D93F5B0087E8C7 /* AFURLResponseSerialization.m in Sources */,
				3BD211E520D9F10C005151C7 /* SDWebImageDownloader.m in Sources */,
				559D65CE20D93F5B0087E8C7 /* AFURLRequestSerialization.m in Sources */,
			);
			runOnlyForDeploymentPostprocessing = 0;
		};
/* End PBXSourcesBuildPhase section */

/* Begin XCBuildConfiguration section */
		3B51CB4F20D8B31200A2C9FD /* Debug */ = {
			isa = XCBuildConfiguration;
			buildSettings = {
				ALWAYS_SEARCH_USER_PATHS = NO;
				CLANG_ANALYZER_NONNULL = YES;
				CLANG_ANALYZER_NUMBER_OBJECT_CONVERSION = YES_AGGRESSIVE;
				CLANG_CXX_LANGUAGE_STANDARD = "gnu++14";
				CLANG_CXX_LIBRARY = "libc++";
				CLANG_ENABLE_MODULES = YES;
				CLANG_ENABLE_OBJC_ARC = YES;
				CLANG_WARN_BLOCK_CAPTURE_AUTORELEASING = YES;
				CLANG_WARN_BOOL_CONVERSION = YES;
				CLANG_WARN_COMMA = YES;
				CLANG_WARN_CONSTANT_CONVERSION = YES;
				CLANG_WARN_DIRECT_OBJC_ISA_USAGE = YES_ERROR;
				CLANG_WARN_DOCUMENTATION_COMMENTS = YES;
				CLANG_WARN_EMPTY_BODY = YES;
				CLANG_WARN_ENUM_CONVERSION = YES;
				CLANG_WARN_INFINITE_RECURSION = YES;
				CLANG_WARN_INT_CONVERSION = YES;
				CLANG_WARN_NON_LITERAL_NULL_CONVERSION = YES;
				CLANG_WARN_OBJC_LITERAL_CONVERSION = YES;
				CLANG_WARN_OBJC_ROOT_CLASS = YES_ERROR;
				CLANG_WARN_RANGE_LOOP_ANALYSIS = YES;
				CLANG_WARN_STRICT_PROTOTYPES = YES;
				CLANG_WARN_SUSPICIOUS_MOVE = YES;
				CLANG_WARN_UNGUARDED_AVAILABILITY = YES_AGGRESSIVE;
				CLANG_WARN_UNREACHABLE_CODE = YES;
				CLANG_WARN__DUPLICATE_METHOD_MATCH = YES;
				CODE_SIGN_IDENTITY = "-";
				COPY_PHASE_STRIP = NO;
				DEBUG_INFORMATION_FORMAT = dwarf;
				ENABLE_STRICT_OBJC_MSGSEND = YES;
				ENABLE_TESTABILITY = YES;
				GCC_C_LANGUAGE_STANDARD = gnu11;
				GCC_DYNAMIC_NO_PIC = NO;
				GCC_NO_COMMON_BLOCKS = YES;
				GCC_OPTIMIZATION_LEVEL = 0;
				GCC_PREPROCESSOR_DEFINITIONS = (
					"DEBUG=1",
					"$(inherited)",
				);
				GCC_WARN_64_TO_32_BIT_CONVERSION = YES;
				GCC_WARN_ABOUT_RETURN_TYPE = YES_ERROR;
				GCC_WARN_UNDECLARED_SELECTOR = YES;
				GCC_WARN_UNINITIALIZED_AUTOS = YES_AGGRESSIVE;
				GCC_WARN_UNUSED_FUNCTION = YES;
				GCC_WARN_UNUSED_VARIABLE = YES;
				MACOSX_DEPLOYMENT_TARGET = 10.13;
				MTL_ENABLE_DEBUG_INFO = YES;
				ONLY_ACTIVE_ARCH = YES;
				SDKROOT = macosx;
			};
			name = Debug;
		};
		3B51CB5020D8B31200A2C9FD /* Release */ = {
			isa = XCBuildConfiguration;
			buildSettings = {
				ALWAYS_SEARCH_USER_PATHS = NO;
				CLANG_ANALYZER_NONNULL = YES;
				CLANG_ANALYZER_NUMBER_OBJECT_CONVERSION = YES_AGGRESSIVE;
				CLANG_CXX_LANGUAGE_STANDARD = "gnu++14";
				CLANG_CXX_LIBRARY = "libc++";
				CLANG_ENABLE_MODULES = YES;
				CLANG_ENABLE_OBJC_ARC = YES;
				CLANG_WARN_BLOCK_CAPTURE_AUTORELEASING = YES;
				CLANG_WARN_BOOL_CONVERSION = YES;
				CLANG_WARN_COMMA = YES;
				CLANG_WARN_CONSTANT_CONVERSION = YES;
				CLANG_WARN_DIRECT_OBJC_ISA_USAGE = YES_ERROR;
				CLANG_WARN_DOCUMENTATION_COMMENTS = YES;
				CLANG_WARN_EMPTY_BODY = YES;
				CLANG_WARN_ENUM_CONVERSION = YES;
				CLANG_WARN_INFINITE_RECURSION = YES;
				CLANG_WARN_INT_CONVERSION = YES;
				CLANG_WARN_NON_LITERAL_NULL_CONVERSION = YES;
				CLANG_WARN_OBJC_LITERAL_CONVERSION = YES;
				CLANG_WARN_OBJC_ROOT_CLASS = YES_ERROR;
				CLANG_WARN_RANGE_LOOP_ANALYSIS = YES;
				CLANG_WARN_STRICT_PROTOTYPES = YES;
				CLANG_WARN_SUSPICIOUS_MOVE = YES;
				CLANG_WARN_UNGUARDED_AVAILABILITY = YES_AGGRESSIVE;
				CLANG_WARN_UNREACHABLE_CODE = YES;
				CLANG_WARN__DUPLICATE_METHOD_MATCH = YES;
				CODE_SIGN_IDENTITY = "-";
				COPY_PHASE_STRIP = NO;
				DEBUG_INFORMATION_FORMAT = "dwarf-with-dsym";
				ENABLE_NS_ASSERTIONS = NO;
				ENABLE_STRICT_OBJC_MSGSEND = YES;
				GCC_C_LANGUAGE_STANDARD = gnu11;
				GCC_NO_COMMON_BLOCKS = YES;
				GCC_WARN_64_TO_32_BIT_CONVERSION = YES;
				GCC_WARN_ABOUT_RETURN_TYPE = YES_ERROR;
				GCC_WARN_UNDECLARED_SELECTOR = YES;
				GCC_WARN_UNINITIALIZED_AUTOS = YES_AGGRESSIVE;
				GCC_WARN_UNUSED_FUNCTION = YES;
				GCC_WARN_UNUSED_VARIABLE = YES;
				MACOSX_DEPLOYMENT_TARGET = 10.13;
				MTL_ENABLE_DEBUG_INFO = NO;
				SDKROOT = macosx;
			};
			name = Release;
		};
		3B51CB5220D8B31200A2C9FD /* Debug */ = {
			isa = XCBuildConfiguration;
			buildSettings = {
				ASSETCATALOG_COMPILER_APPICON_NAME = AppIcon;
				CODE_SIGN_STYLE = Automatic;
				COMBINE_HIDPI_IMAGES = YES;
				INFOPLIST_FILE = loveWallpaper/Info.plist;
				LD_RUNPATH_SEARCH_PATHS = "$(inherited) @executable_path/../Frameworks";
				PRODUCT_BUNDLE_IDENTIFIER = com.lovebizi.loveWallpaper;
				PRODUCT_NAME = "$(TARGET_NAME)";
			};
			name = Debug;
		};
		3B51CB5320D8B31200A2C9FD /* Release */ = {
			isa = XCBuildConfiguration;
			buildSettings = {
				ASSETCATALOG_COMPILER_APPICON_NAME = AppIcon;
				CODE_SIGN_STYLE = Automatic;
				COMBINE_HIDPI_IMAGES = YES;
				INFOPLIST_FILE = loveWallpaper/Info.plist;
				LD_RUNPATH_SEARCH_PATHS = "$(inherited) @executable_path/../Frameworks";
				PRODUCT_BUNDLE_IDENTIFIER = com.lovebizi.loveWallpaper;
				PRODUCT_NAME = "$(TARGET_NAME)";
			};
			name = Release;
		};
/* End XCBuildConfiguration section */

/* Begin XCConfigurationList section */
		3B51CB3B20D8B31100A2C9FD /* Build configuration list for PBXProject "loveWallpaper" */ = {
			isa = XCConfigurationList;
			buildConfigurations = (
				3B51CB4F20D8B31200A2C9FD /* Debug */,
				3B51CB5020D8B31200A2C9FD /* Release */,
			);
			defaultConfigurationIsVisible = 0;
			defaultConfigurationName = Release;
		};
		3B51CB5120D8B31200A2C9FD /* Build configuration list for PBXNativeTarget "loveWallpaper" */ = {
			isa = XCConfigurationList;
			buildConfigurations = (
				3B51CB5220D8B31200A2C9FD /* Debug */,
				3B51CB5320D8B31200A2C9FD /* Release */,
			);
			defaultConfigurationIsVisible = 0;
			defaultConfigurationName = Release;
		};
/* End XCConfigurationList section */
	};
	rootObject = 3B51CB3820D8B31100A2C9FD /* Project object */;
}
